{
  "nodes": {
    "acadia-engineering-elm-simple-server": {
      "flake": false,
      "locked": {
        "lastModified": 1788962653,
        "narHash": "sha256-QG96F1P1uPRWv6xnMmyAIgZzUPT35fn8VPld/fU4+pQ=",
        "owner": "acadia-engineering",
        "repo": "elm-simple-server",
        "rev": "72f5787d86cc1abd88bbe500dcd8c0b548b520a4",
        "type": "github"
      },
      "original": {
        "owner": "acadia-engineering",
        "repo": "elm-simple-server",
        "type": "github"
      }
    },
    "acadia-engineering-examples": {
      "flake": false,
      "locked": {
        "lastModified": 1791455074,
        "narHash": "sha256-MpoPujrZZ65/6QeEwQrwW2FtossAVU4fL1v9DspiEaQ=",
        "owner": "acadia-engineering",
        "repo": "examples",
        "rev": "6b7263cfd99c5d3771405bb74d5985936546698d",
        "type": "github"
      },
      "original": {
        "owner": "acadia-engineering",
        "repo": "examples",
        "type": "github"
      }
    },
    "nixpkgs": {
      "locked": {
        "lastModified": 1787172299,
        "narHash": "sha256-LS/aXgJh+/1UgtrOxdS5Wum/PgmQYa1AMFZHdH+xGyo=",
        "rev": "07e1d92cdc0ed416cfa11ff3ca40d17e61cfba7a",
        "type": "tarball",
        "url": "https://releases.nixos.org/nixpkgs/nixpkgs-26.11pre1058374.07e1d92cdc0e/nixexprs.tar.xz"
      },
      "original": {
        "id": "nixpkgs",
        "type": "indirect"
      }
    },
    "root": {
      "inputs": {
        "acadia-engineering-elm-simple-server": "acadia-engineering-elm-simple-server",
        "acadia-engineering-examples": "acadia-engineering-examples",
        "nixpkgs": "nixpkgs"
      }
    }
  },
  "root": "root",
  "version": 7
}
