{
  "nodes": {
    "acadia-engineering-examples": {
      "flake": false,
      "locked": {
        "lastModified": 1786993449,
        "narHash": "sha256-DVfMCy98aWdxnxKW0sW5Q5rP+fMJS2kua6qpGuLuOnk=",
        "owner": "acadia-engineering",
        "repo": "examples",
        "rev": "dc28e9aecd1b9749c33e5cfe6241968ee114ba1b",
        "type": "github"
      },
      "original": {
        "owner": "acadia-engineering",
        "repo": "examples",
        "type": "github"
      }
    },
    "nixpkgs": {
      "locked": {
        "lastModified": 1787172299,
        "narHash": "sha256-LS/aXgJh+/1UgtrOxdS5Wum/PgmQYa1AMFZHdH+xGyo=",
        "rev": "07e1d92cdc0ed416cfa11ff3ca40d17e61cfba7a",
        "type": "tarball",
        "url": "https://releases.nixos.org/nixpkgs/nixpkgs-26.11pre1058374.07e1d92cdc0e/nixexprs.tar.xz"
      },
      "original": {
        "id": "nixpkgs",
        "type": "indirect"
      }
    },
    "root": {
      "inputs": {
        "acadia-engineering-examples": "acadia-engineering-examples",
        "nixpkgs": "nixpkgs"
      }
    }
  },
  "root": "root",
  "version": 7
}
